{
  "version": 4,
  "terraform_version": "1.6.5",
  "serial": 46,
  "lineage": "3cd3ba21-d4f9-516c-62a1-23326b2c38f7",
  "outputs": {
    "vm_public_ip": {
      "value": "4.194.87.1",
      "type": "string"
    }
  },
  "resources": [
    {
      "module": "module.nsg",
      "mode": "managed",
      "type": "azurerm_network_security_group",
      "name": "Linux-nsg",
      "provider": "provider[\"registry.terraform.io/hashicorp/azurerm\"]",
      "instances": [
        {
          "schema_version": 0,
          "attributes": {
            "id": "/subscriptions/664b6097-19f2-42a3-be95-a4a6b4069f6b/resourceGroups/sa1_test_eic_TejalDave/providers/Microsoft.Network/networkSecurityGroups/Linux-nsg",
            "location": "southeastasia",
            "name": "Linux-nsg",
            "resource_group_name": "sa1_test_eic_TejalDave",
            "security_rule": [
              {
                "access": "Allow",
                "description": "",
                "destination_address_prefix": "*",
                "destination_address_prefixes": [],
                "destination_application_security_group_ids": [],
                "destination_port_range": "21",
                "destination_port_ranges": [],
                "direction": "Inbound",
                "name": "Allow_FTP",
                "priority": 1002,
                "protocol": "Tcp",
                "source_address_prefix": "*",
                "source_address_prefixes": [],
                "source_application_security_group_ids": [],
                "source_port_range": "*",
                "source_port_ranges": []
              },
              {
                "access": "Allow",
                "description": "",
                "destination_address_prefix": "*",
                "destination_address_prefixes": [],
                "destination_application_security_group_ids": [],
                "destination_port_range": "22",
                "destination_port_ranges": [],
                "direction": "Inbound",
                "name": "allow_ssh",
                "priority": 1001,
                "protocol": "Tcp",
                "source_address_prefix": "*",
                "source_address_prefixes": [],
                "source_application_security_group_ids": [],
                "source_port_range": "*",
                "source_port_ranges": []
              }
            ],
            "tags": {},
            "timeouts": null
          },
          "sensitive_attributes": [],
          "private": "eyJlMmJmYjczMC1lY2FhLTExZTYtOGY4OC0zNDM2M2JjN2M0YzAiOnsiY3JlYXRlIjoxODAwMDAwMDAwMDAwLCJkZWxldGUiOjE4MDAwMDAwMDAwMDAsInJlYWQiOjMwMDAwMDAwMDAwMCwidXBkYXRlIjoxODAwMDAwMDAwMDAwfX0="
        }
      ]
    },
    {
      "module": "module.vm",
      "mode": "managed",
      "type": "azurerm_linux_virtual_machine",
      "name": "vm",
      "provider": "provider[\"registry.terraform.io/hashicorp/azurerm\"]",
      "instances": [
        {
          "schema_version": 0,
          "attributes": {
            "additional_capabilities": [],
            "admin_password": "Complex@password1",
            "admin_ssh_key": [
              {
                "public_key": "ssh-rsa AAAAB3NzaC1yc2EAAAADAQABAAACAQC9GGHsbSvDgyMZBGlOz1sKCDvP1PE7MbZyocGEE0K+4xYazHfOqFxFnmhZHQ6A4nfGvMpySONOA3+gHqH1wVdUUZkoxgf6lIE1x4uxLHcwotCrTeP+4ZB5El1/uvj5BoeuneB4N/QAhRTIUyeuYmDGEXhQV4dsP1Mu/fbbcAQmtMrfdkH8olzJuxvcIClgqE1y2xOZD6Nz1h7J52WS0DF+RY2JCZE6sJeCXymhPC+nLoKD3pXdEGLK+SN4/+b5dvF3hAsDt+L6Ez913qgI+jjXhryYwI2wLZICbolUEEqCTcBIuzeX5f06CgEgzPuwR+B+DoBrweBdFlkNeNtDQVbBCFksY02kB6AkyCXaYt7UQ+hwnMggMUrPYt3B70Z31tiXq/9JPRgo2E9Pw1ZXeIRrUwvMz1iDfLLB/QnnnYRpoMDzZCVdz5kGuQOTWLCOd8slIDa+xBNuAByUzuoDxtA5UVi7A6uPIW7+DbAXY2UbQZ6TSo+eXE/bJCLJ79yFM/DJeuhRMboL45LfulaMUzYK3mNzuojeXPCLBWiOxQZOqfJ1xmS3TTevZZYON0wbYmVROI1Pbt/ctyDaLnk8LKF+06MCpDBpECyoR9Q7Ik1TO4jxYGCOdErKMqskE3ZUXTDszIzyk+TnRlZ0VFoEUTKOa7a7811yenFL9G4AHpxhEQ== ekanshdwivedi@9TB8N13\n",
                "username": "ekansh-ubuntu"
              }
            ],
            "admin_username": "ekansh-ubuntu",
            "allow_extension_operations": true,
            "availability_set_id": "",
            "boot_diagnostics": [],
            "computer_name": "vm",
            "custom_data": null,
            "dedicated_host_group_id": "",
            "dedicated_host_id": "",
            "disable_password_authentication": false,
            "encryption_at_host_enabled": false,
            "eviction_policy": "",
            "extensions_time_budget": "PT1H30M",
            "id": "/subscriptions/664b6097-19f2-42a3-be95-a4a6b4069f6b/resourceGroups/sa1_test_eic_TejalDave/providers/Microsoft.Compute/virtualMachines/vm",
            "identity": [],
            "license_type": "",
            "location": "southeastasia",
            "max_bid_price": -1,
            "name": "vm",
            "network_interface_ids": [
              "/subscriptions/664b6097-19f2-42a3-be95-a4a6b4069f6b/resourceGroups/sa1_test_eic_TejalDave/providers/Microsoft.Network/networkInterfaces/azure-network"
            ],
            "os_disk": [
              {
                "caching": "ReadWrite",
                "diff_disk_settings": [],
                "disk_encryption_set_id": "",
                "disk_size_gb": 30,
                "name": "vm_OsDisk_1_94e8e7a87bda4316b4de5245e608f3b9",
                "storage_account_type": "Standard_LRS",
                "write_accelerator_enabled": false
              }
            ],
            "patch_mode": "ImageDefault",
            "plan": [],
            "platform_fault_domain": -1,
            "priority": "Regular",
            "private_ip_address": "10.0.0.4",
            "private_ip_addresses": [
              "10.0.0.4"
            ],
            "provision_vm_agent": true,
            "proximity_placement_group_id": "",
            "public_ip_address": "4.194.87.1",
            "public_ip_addresses": [
              "4.194.87.1"
            ],
            "resource_group_name": "sa1_test_eic_TejalDave",
            "secret": [],
            "secure_boot_enabled": false,
            "size": "Standard_B2ms",
            "source_image_id": "",
            "source_image_reference": [
              {
                "offer": "0001-com-ubuntu-server-jammy",
                "publisher": "Canonical",
                "sku": "22_04-lts",
                "version": "latest"
              }
            ],
            "tags": {},
            "timeouts": null,
            "user_data": "",
            "virtual_machine_id": "da62164f-0581-4217-9b30-444736f02f09",
            "virtual_machine_scale_set_id": "",
            "vtpm_enabled": false,
            "zone": ""
          },
          "sensitive_attributes": [],
          "private": "eyJlMmJmYjczMC1lY2FhLTExZTYtOGY4OC0zNDM2M2JjN2M0YzAiOnsiY3JlYXRlIjoyNzAwMDAwMDAwMDAwLCJkZWxldGUiOjI3MDAwMDAwMDAwMDAsInJlYWQiOjMwMDAwMDAwMDAwMCwidXBkYXRlIjoyNzAwMDAwMDAwMDAwfX0=",
          "dependencies": [
            "module.vm.azurerm_network_interface.azure-network",
            "module.vm.azurerm_public_ip.public-work",
            "module.vnet.azurerm_subnet.Subnet_azure",
            "module.vnet.azurerm_virtual_network.work-vnet"
          ]
        }
      ]
    },
    {
      "module": "module.vm",
      "mode": "managed",
      "type": "azurerm_network_interface",
      "name": "azure-network",
      "provider": "provider[\"registry.terraform.io/hashicorp/azurerm\"]",
      "instances": [
        {
          "schema_version": 0,
          "attributes": {
            "applied_dns_servers": [],
            "dns_servers": [],
            "enable_accelerated_networking": false,
            "enable_ip_forwarding": false,
            "id": "/subscriptions/664b6097-19f2-42a3-be95-a4a6b4069f6b/resourceGroups/sa1_test_eic_TejalDave/providers/Microsoft.Network/networkInterfaces/azure-network",
            "internal_dns_name_label": "",
            "internal_domain_name_suffix": "hvaphjyva3ge5any5fjhc4yxgb.ix.internal.cloudapp.net",
            "ip_configuration": [
              {
                "gateway_load_balancer_frontend_ip_configuration_id": "",
                "name": "myNICconfig",
                "primary": true,
                "private_ip_address": "10.0.0.4",
                "private_ip_address_allocation": "Dynamic",
                "private_ip_address_version": "IPv4",
                "public_ip_address_id": "/subscriptions/664b6097-19f2-42a3-be95-a4a6b4069f6b/resourceGroups/sa1_test_eic_TejalDave/providers/Microsoft.Network/publicIPAddresses/public-work",
                "subnet_id": "/subscriptions/664b6097-19f2-42a3-be95-a4a6b4069f6b/resourceGroups/sa1_test_eic_TejalDave/providers/Microsoft.Network/virtualNetworks/work-vnet/subnets/Subnet_azure"
              }
            ],
            "location": "southeastasia",
            "mac_address": "60-45-BD-21-97-85",
            "name": "azure-network",
            "private_ip_address": "10.0.0.4",
            "private_ip_addresses": [
              "10.0.0.4"
            ],
            "resource_group_name": "sa1_test_eic_TejalDave",
            "tags": {},
            "timeouts": null,
            "virtual_machine_id": "/subscriptions/664b6097-19f2-42a3-be95-a4a6b4069f6b/resourceGroups/sa1_test_eic_TejalDave/providers/Microsoft.Compute/virtualMachines/vm"
          },
          "sensitive_attributes": [],
          "private": "eyJlMmJmYjczMC1lY2FhLTExZTYtOGY4OC0zNDM2M2JjN2M0YzAiOnsiY3JlYXRlIjoxODAwMDAwMDAwMDAwLCJkZWxldGUiOjE4MDAwMDAwMDAwMDAsInJlYWQiOjMwMDAwMDAwMDAwMCwidXBkYXRlIjoxODAwMDAwMDAwMDAwfX0=",
          "dependencies": [
            "module.vm.azurerm_public_ip.public-work",
            "module.vnet.azurerm_subnet.Subnet_azure",
            "module.vnet.azurerm_virtual_network.work-vnet"
          ]
        }
      ]
    },
    {
      "module": "module.vm",
      "mode": "managed",
      "type": "azurerm_network_interface_security_group_association",
      "name": "associate",
      "provider": "provider[\"registry.terraform.io/hashicorp/azurerm\"]",
      "instances": [
        {
          "schema_version": 0,
          "attributes": {
            "id": "/subscriptions/664b6097-19f2-42a3-be95-a4a6b4069f6b/resourceGroups/sa1_test_eic_TejalDave/providers/Microsoft.Network/networkInterfaces/azure-network|/subscriptions/664b6097-19f2-42a3-be95-a4a6b4069f6b/resourceGroups/sa1_test_eic_TejalDave/providers/Microsoft.Network/networkSecurityGroups/Linux-nsg",
            "network_interface_id": "/subscriptions/664b6097-19f2-42a3-be95-a4a6b4069f6b/resourceGroups/sa1_test_eic_TejalDave/providers/Microsoft.Network/networkInterfaces/azure-network",
            "network_security_group_id": "/subscriptions/664b6097-19f2-42a3-be95-a4a6b4069f6b/resourceGroups/sa1_test_eic_TejalDave/providers/Microsoft.Network/networkSecurityGroups/Linux-nsg",
            "timeouts": null
          },
          "sensitive_attributes": [],
          "private": "eyJlMmJmYjczMC1lY2FhLTExZTYtOGY4OC0zNDM2M2JjN2M0YzAiOnsiY3JlYXRlIjoxODAwMDAwMDAwMDAwLCJkZWxldGUiOjE4MDAwMDAwMDAwMDAsInJlYWQiOjMwMDAwMDAwMDAwMCwidXBkYXRlIjoxODAwMDAwMDAwMDAwfX0=",
          "dependencies": [
            "module.nsg.azurerm_network_security_group.Linux-nsg",
            "module.vm.azurerm_network_interface.azure-network",
            "module.vm.azurerm_public_ip.public-work",
            "module.vnet.azurerm_subnet.Subnet_azure",
            "module.vnet.azurerm_virtual_network.work-vnet"
          ]
        }
      ]
    },
    {
      "module": "module.vm",
      "mode": "managed",
      "type": "azurerm_public_ip",
      "name": "public-work",
      "provider": "provider[\"registry.terraform.io/hashicorp/azurerm\"]",
      "instances": [
        {
          "schema_version": 0,
          "attributes": {
            "allocation_method": "Dynamic",
            "availability_zone": "No-Zone",
            "domain_name_label": null,
            "fqdn": null,
            "id": "/subscriptions/664b6097-19f2-42a3-be95-a4a6b4069f6b/resourceGroups/sa1_test_eic_TejalDave/providers/Microsoft.Network/publicIPAddresses/public-work",
            "idle_timeout_in_minutes": 4,
            "ip_address": "4.194.87.1",
            "ip_tags": {},
            "ip_version": "IPv4",
            "location": "southeastasia",
            "name": "public-work",
            "public_ip_prefix_id": null,
            "resource_group_name": "sa1_test_eic_TejalDave",
            "reverse_fqdn": null,
            "sku": "Basic",
            "sku_tier": "Regional",
            "tags": {},
            "timeouts": null,
            "zones": []
          },
          "sensitive_attributes": [],
          "private": "eyJlMmJmYjczMC1lY2FhLTExZTYtOGY4OC0zNDM2M2JjN2M0YzAiOnsiY3JlYXRlIjoxODAwMDAwMDAwMDAwLCJkZWxldGUiOjE4MDAwMDAwMDAwMDAsInJlYWQiOjMwMDAwMDAwMDAwMCwidXBkYXRlIjoxODAwMDAwMDAwMDAwfX0="
        }
      ]
    },
    {
      "module": "module.vm",
      "mode": "managed",
      "type": "null_resource",
      "name": "ansible_inventory",
      "provider": "provider[\"registry.terraform.io/hashicorp/null\"]",
      "instances": [
        {
          "schema_version": 0,
          "attributes": {
            "id": "2017310689792633725",
            "triggers": null
          },
          "sensitive_attributes": [],
          "dependencies": [
            "module.vm.azurerm_linux_virtual_machine.vm",
            "module.vm.azurerm_network_interface.azure-network",
            "module.vm.azurerm_public_ip.public-work",
            "module.vnet.azurerm_subnet.Subnet_azure",
            "module.vnet.azurerm_virtual_network.work-vnet"
          ]
        }
      ]
    },
    {
      "module": "module.vm",
      "mode": "managed",
      "type": "null_resource",
      "name": "ansible_playbook",
      "provider": "provider[\"registry.terraform.io/hashicorp/null\"]",
      "instances": [
        {
          "schema_version": 0,
          "attributes": {
            "id": "5064971459542592430",
            "triggers": null
          },
          "sensitive_attributes": [],
          "dependencies": [
            "module.vm.azurerm_linux_virtual_machine.vm",
            "module.vm.azurerm_network_interface.azure-network",
            "module.vm.azurerm_public_ip.public-work",
            "module.vm.null_resource.ansible_inventory",
            "module.vnet.azurerm_subnet.Subnet_azure",
            "module.vnet.azurerm_virtual_network.work-vnet"
          ]
        }
      ]
    },
    {
      "module": "module.vnet",
      "mode": "managed",
      "type": "azurerm_subnet",
      "name": "Subnet_azure",
      "provider": "provider[\"registry.terraform.io/hashicorp/azurerm\"]",
      "instances": [
        {
          "schema_version": 0,
          "attributes": {
            "address_prefix": "10.0.0.0/24",
            "address_prefixes": [
              "10.0.0.0/24"
            ],
            "delegation": [],
            "enforce_private_link_endpoint_network_policies": false,
            "enforce_private_link_service_network_policies": false,
            "id": "/subscriptions/664b6097-19f2-42a3-be95-a4a6b4069f6b/resourceGroups/sa1_test_eic_TejalDave/providers/Microsoft.Network/virtualNetworks/work-vnet/subnets/Subnet_azure",
            "name": "Subnet_azure",
            "resource_group_name": "sa1_test_eic_TejalDave",
            "service_endpoint_policy_ids": [],
            "service_endpoints": [],
            "timeouts": null,
            "virtual_network_name": "work-vnet"
          },
          "sensitive_attributes": [],
          "private": "eyJlMmJmYjczMC1lY2FhLTExZTYtOGY4OC0zNDM2M2JjN2M0YzAiOnsiY3JlYXRlIjoxODAwMDAwMDAwMDAwLCJkZWxldGUiOjE4MDAwMDAwMDAwMDAsInJlYWQiOjMwMDAwMDAwMDAwMCwidXBkYXRlIjoxODAwMDAwMDAwMDAwfX0=",
          "dependencies": [
            "module.vnet.azurerm_virtual_network.work-vnet"
          ]
        }
      ]
    },
    {
      "module": "module.vnet",
      "mode": "managed",
      "type": "azurerm_virtual_network",
      "name": "work-vnet",
      "provider": "provider[\"registry.terraform.io/hashicorp/azurerm\"]",
      "instances": [
        {
          "schema_version": 0,
          "attributes": {
            "address_space": [
              "10.0.0.0/16"
            ],
            "bgp_community": "",
            "ddos_protection_plan": [],
            "dns_servers": [],
            "flow_timeout_in_minutes": 0,
            "guid": "a7f3403d-0715-4f4c-81b8-f952717b1731",
            "id": "/subscriptions/664b6097-19f2-42a3-be95-a4a6b4069f6b/resourceGroups/sa1_test_eic_TejalDave/providers/Microsoft.Network/virtualNetworks/work-vnet",
            "location": "southeastasia",
            "name": "work-vnet",
            "resource_group_name": "sa1_test_eic_TejalDave",
            "subnet": [
              {
                "address_prefix": "10.0.0.0/24",
                "id": "/subscriptions/664b6097-19f2-42a3-be95-a4a6b4069f6b/resourceGroups/sa1_test_eic_TejalDave/providers/Microsoft.Network/virtualNetworks/work-vnet/subnets/Subnet_azure",
                "name": "Subnet_azure",
                "security_group": ""
              }
            ],
            "tags": {},
            "timeouts": null,
            "vm_protection_enabled": false
          },
          "sensitive_attributes": [],
          "private": "eyJlMmJmYjczMC1lY2FhLTExZTYtOGY4OC0zNDM2M2JjN2M0YzAiOnsiY3JlYXRlIjoxODAwMDAwMDAwMDAwLCJkZWxldGUiOjE4MDAwMDAwMDAwMDAsInJlYWQiOjMwMDAwMDAwMDAwMCwidXBkYXRlIjoxODAwMDAwMDAwMDAwfX0="
        }
      ]
    }
  ],
  "check_results": null
}
